
Microsoft Visual Studio Solution File, Format Version 12.00
# Visual Studio Version 17
VisualStudioVersion = 17.12.35707.178
MinimumVisualStudioVersion = 10.0.40219.1
Project("{FAE04EC0-301F-11D3-BF4B-00C04F79EFBC}") = "FoodStoreManager_TuanKiet", "FoodStoreManagerUI\FoodStoreManager_TuanKiet.csproj", "{C9B7A09B-A7A9-489B-ABEF-3F592ABD8730}"
EndProject
Project("{FAE04EC0-301F-11D3-BF4B-00C04F79EFBC}") = "Repositories", "Repositories\Repositories.csproj", "{77EB627E-2C00-4315-A21A-7FF927E787A1}"
EndProject
Project("{FAE04EC0-301F-11D3-BF4B-00C04F79EFBC}") = "Services", "Services\Services.csproj", "{433C7827-B548-4F44-97F4-6B9DC62FBE6A}"
EndProject
Project("{FAE04EC0-301F-11D3-BF4B-00C04F79EFBC}") = "TestManager", "TestManager\TestManager.csproj", "{FF53682F-DD05-4367-8395-16CDA2C58AC5}"
EndProject
Global
	GlobalSection(SolutionConfigurationPlatforms) = preSolution
		Debug|Any CPU = Debug|Any CPU
		Release|Any CPU = Release|Any CPU
	EndGlobalSection
	GlobalSection(ProjectConfigurationPlatforms) = postSolution
		{C9B7A09B-A7A9-489B-ABEF-3F592ABD8730}.Debug|Any CPU.ActiveCfg = Debug|Any CPU
		{C9B7A09B-A7A9-489B-ABEF-3F592ABD8730}.Debug|Any CPU.Build.0 = Debug|Any CPU
		{C9B7A09B-A7A9-489B-ABEF-3F592ABD8730}.Release|Any CPU.ActiveCfg = Release|Any CPU
		{C9B7A09B-A7A9-489B-ABEF-3F592ABD8730}.Release|Any CPU.Build.0 = Release|Any CPU
		{77EB627E-2C00-4315-A21A-7FF927E787A1}.Debug|Any CPU.ActiveCfg = Debug|Any CPU
		{77EB627E-2C00-4315-A21A-7FF927E787A1}.Debug|Any CPU.Build.0 = Debug|Any CPU
		{77EB627E-2C00-4315-A21A-7FF927E787A1}.Release|Any CPU.ActiveCfg = Release|Any CPU
		{77EB627E-2C00-4315-A21A-7FF927E787A1}.Release|Any CPU.Build.0 = Release|Any CPU
		{433C7827-B548-4F44-97F4-6B9DC62FBE6A}.Debug|Any CPU.ActiveCfg = Debug|Any CPU
		{433C7827-B548-4F44-97F4-6B9DC62FBE6A}.Debug|Any CPU.Build.0 = Debug|Any CPU
		{433C7827-B548-4F44-97F4-6B9DC62FBE6A}.Release|Any CPU.ActiveCfg = Release|Any CPU
		{433C7827-B548-4F44-97F4-6B9DC62FBE6A}.Release|Any CPU.Build.0 = Release|Any CPU
		{FF53682F-DD05-4367-8395-16CDA2C58AC5}.Debug|Any CPU.ActiveCfg = Debug|Any CPU
		{FF53682F-DD05-4367-8395-16CDA2C58AC5}.Debug|Any CPU.Build.0 = Debug|Any CPU
		{FF53682F-DD05-4367-8395-16CDA2C58AC5}.Release|Any CPU.ActiveCfg = Release|Any CPU
		{FF53682F-DD05-4367-8395-16CDA2C58AC5}.Release|Any CPU.Build.0 = Release|Any CPU
	EndGlobalSection
	GlobalSection(SolutionProperties) = preSolution
		HideSolutionNode = FALSE
	EndGlobalSection
EndGlobal
